
Microsoft Visual Studio Solution File, Format Version 12.00
# Visual Studio 15
VisualStudioVersion = 15.0.28010.2036
MinimumVisualStudioVersion = 10.0.40219.1
Project("{FAE04EC0-301F-11D3-BF4B-00C04F79EFBC}") = "Toymania", "Toymania\Toymania.csproj", "{D0A2B1BB-F8A0-4DEA-99C4-03CF68442A33}"
EndProject
Global
	GlobalSection(SolutionConfigurationPlatforms) = preSolution
		Debug|Any CPU = Debug|Any CPU
		Release|Any CPU = Release|Any CPU
	EndGlobalSection
	GlobalSection(ProjectConfigurationPlatforms) = postSolution
		{D0A2B1BB-F8A0-4DEA-99C4-03CF68442A33}.Debug|Any CPU.ActiveCfg = Debug|Any CPU
		{D0A2B1BB-F8A0-4DEA-99C4-03CF68442A33}.Debug|Any CPU.Build.0 = Debug|Any CPU
		{D0A2B1BB-F8A0-4DEA-99C4-03CF68442A33}.Release|Any CPU.ActiveCfg = Release|Any CPU
		{D0A2B1BB-F8A0-4DEA-99C4-03CF68442A33}.Release|Any CPU.Build.0 = Release|Any CPU
	EndGlobalSection
	GlobalSection(SolutionProperties) = preSolution
		HideSolutionNode = FALSE
	EndGlobalSection
	GlobalSection(ExtensibilityGlobals) = postSolution
		SolutionGuid = {E7E64B06-D5C0-49E7-B922-9C20A693420B}
	EndGlobalSection
EndGlobal
