
Microsoft Visual Studio Solution File, Format Version 12.00
# Visual Studio 15
VisualStudioVersion = 15.0.28307.902
MinimumVisualStudioVersion = 10.0.40219.1
Project("{FAE04EC0-301F-11D3-BF4B-00C04F79EFBC}") = "Toymania", "Toymania.csproj", "{07CB8B61-EFC0-4E9B-8229-0D2D348C2ABE}"
EndProject
Global
	GlobalSection(SolutionConfigurationPlatforms) = preSolution
		Debug|Any CPU = Debug|Any CPU
		Release|Any CPU = Release|Any CPU
	EndGlobalSection
	GlobalSection(ProjectConfigurationPlatforms) = postSolution
		{07CB8B61-EFC0-4E9B-8229-0D2D348C2ABE}.Debug|Any CPU.ActiveCfg = Debug|Any CPU
		{07CB8B61-EFC0-4E9B-8229-0D2D348C2ABE}.Debug|Any CPU.Build.0 = Debug|Any CPU
		{07CB8B61-EFC0-4E9B-8229-0D2D348C2ABE}.Release|Any CPU.ActiveCfg = Release|Any CPU
		{07CB8B61-EFC0-4E9B-8229-0D2D348C2ABE}.Release|Any CPU.Build.0 = Release|Any CPU
	EndGlobalSection
	GlobalSection(SolutionProperties) = preSolution
		HideSolutionNode = FALSE
	EndGlobalSection
	GlobalSection(ExtensibilityGlobals) = postSolution
		SolutionGuid = {7444A278-F38D-41F9-8981-AE81B20B0388}
	EndGlobalSection
EndGlobal
